{
  "name": "acyclic-eu.github.io",
  "lockfileVersion": 3,
  "requires": true,
  "packages": {
    "": {
      "dependencies": {
        "hybrids": "^9.1.18"
      }
    },
    "node_modules/hybrids": {
      "version": "9.1.18",
      "resolved": "https://registry.npmjs.org/hybrids/-/hybrids-9.1.18.tgz",
      "integrity": "sha512-9M7eSzX5fo3uzS4K1WINeMkRQxFXduvbGqePqFq9fjJ8FgrOtmbtUpEwyqQRLQClHS7mF2f4QyfbNNvv/mqV+A==",
      "license": "MIT",
      "bin": {
        "hybrids": "cli/index.js"
      },
      "engines": {
        "node": ">=18.0.0"
      }
    }
  }
}
